
Microsoft Visual Studio Solution File, Format Version 12.00
# Visual Studio Version 16
VisualStudioVersion = 16.0.29519.181
MinimumVisualStudioVersion = 10.0.40219.1
Project("{9A19103F-16F7-4668-BE54-9A1E7A4F7556}") = "HelloWorld", "src\HelloWorld\HelloWorld.csproj", "{35BD03E9-B864-43D7-AA7D-AC7233B31FAE}"
EndProject
Project("{9A19103F-16F7-4668-BE54-9A1E7A4F7556}") = "SimpleCalc", "src\HomeWork1\SimpleCalc.csproj", "{6E527629-11B7-4152-B63F-D9B978A6F0C3}"
EndProject
Project("{FAE04EC0-301F-11D3-BF4B-00C04F79EFBC}") = "Weekdays", "src\Weekdays\Weekdays.csproj", "{410E7967-449C-47AB-8D9E-02ADE2791CF4}"
EndProject
Global
	GlobalSection(SolutionConfigurationPlatforms) = preSolution
		Debug|Any CPU = Debug|Any CPU
		Release|Any CPU = Release|Any CPU
	EndGlobalSection
	GlobalSection(ProjectConfigurationPlatforms) = postSolution
		{35BD03E9-B864-43D7-AA7D-AC7233B31FAE}.Debug|Any CPU.ActiveCfg = Debug|Any CPU
		{35BD03E9-B864-43D7-AA7D-AC7233B31FAE}.Debug|Any CPU.Build.0 = Debug|Any CPU
		{35BD03E9-B864-43D7-AA7D-AC7233B31FAE}.Release|Any CPU.ActiveCfg = Release|Any CPU
		{35BD03E9-B864-43D7-AA7D-AC7233B31FAE}.Release|Any CPU.Build.0 = Release|Any CPU
		{6E527629-11B7-4152-B63F-D9B978A6F0C3}.Debug|Any CPU.ActiveCfg = Debug|Any CPU
		{6E527629-11B7-4152-B63F-D9B978A6F0C3}.Debug|Any CPU.Build.0 = Debug|Any CPU
		{6E527629-11B7-4152-B63F-D9B978A6F0C3}.Release|Any CPU.ActiveCfg = Release|Any CPU
		{6E527629-11B7-4152-B63F-D9B978A6F0C3}.Release|Any CPU.Build.0 = Release|Any CPU
		{410E7967-449C-47AB-8D9E-02ADE2791CF4}.Debug|Any CPU.ActiveCfg = Debug|Any CPU
		{410E7967-449C-47AB-8D9E-02ADE2791CF4}.Debug|Any CPU.Build.0 = Debug|Any CPU
		{410E7967-449C-47AB-8D9E-02ADE2791CF4}.Release|Any CPU.ActiveCfg = Release|Any CPU
		{410E7967-449C-47AB-8D9E-02ADE2791CF4}.Release|Any CPU.Build.0 = Release|Any CPU
	EndGlobalSection
	GlobalSection(SolutionProperties) = preSolution
		HideSolutionNode = FALSE
	EndGlobalSection
	GlobalSection(ExtensibilityGlobals) = postSolution
		SolutionGuid = {6BFDC9E7-6F54-46BD-BF13-5A24069F41C2}
	EndGlobalSection
EndGlobal
